
Microsoft Visual Studio Solution File, Format Version 12.00
# Visual Studio Version 16
VisualStudioVersion = 16.0.31624.102
MinimumVisualStudioVersion = 10.0.40219.1
Project("{FAE04EC0-301F-11D3-BF4B-00C04F79EFBC}") = "schleifen übung", "schleifen übung\schleifen übung.csproj", "{C4AF4630-DCDC-44B8-9DA1-9E87C7C187A2}"
EndProject
Global
	GlobalSection(SolutionConfigurationPlatforms) = preSolution
		Debug|Any CPU = Debug|Any CPU
		Release|Any CPU = Release|Any CPU
	EndGlobalSection
	GlobalSection(ProjectConfigurationPlatforms) = postSolution
		{C4AF4630-DCDC-44B8-9DA1-9E87C7C187A2}.Debug|Any CPU.ActiveCfg = Debug|Any CPU
		{C4AF4630-DCDC-44B8-9DA1-9E87C7C187A2}.Debug|Any CPU.Build.0 = Debug|Any CPU
		{C4AF4630-DCDC-44B8-9DA1-9E87C7C187A2}.Release|Any CPU.ActiveCfg = Release|Any CPU
		{C4AF4630-DCDC-44B8-9DA1-9E87C7C187A2}.Release|Any CPU.Build.0 = Release|Any CPU
	EndGlobalSection
	GlobalSection(SolutionProperties) = preSolution
		HideSolutionNode = FALSE
	EndGlobalSection
	GlobalSection(ExtensibilityGlobals) = postSolution
		SolutionGuid = {5795DA19-D11A-4C6A-AEEC-AB3E8C4A0DBB}
	EndGlobalSection
EndGlobal
